{
  "name": "common",
  "version": "1.0.0",
  "lockfileVersion": 2,
  "requires": true,
  "packages": {
    "": {
      "name": "common",
      "version": "1.0.0",
      "license": "ISC",
      "dependencies": {
        "@lbfalvy/mini-events": "^3.3.3",
        "fp-ts": "2.11.8",
        "io-ts": "2.2.16",
        "jwt-decode": "^3.1.2",
        "localstorage-var": "^2.0.0",
        "mockable-timer": "^1.0.2",
        "noty": "^3.2.0-beta-deprecated",
        "react": "18.0.0",
        "simple-rtr": "^2.0.1"
      },
      "devDependencies": {
        "@types/react": "18.0.0"
      }
    },
    "node_modules/@lbfalvy/mini-events": {
      "version": "3.3.3",
      "resolved": "https://registry.npmjs.org/@lbfalvy/mini-events/-/mini-events-3.3.3.tgz",
      "integrity": "sha512-Dd2rgJOJKUQYbO6gGpFmvTJ79atSMqARlJCf+bdpVBqoNz4GWq8NYaZRbXPTQN271C6i5rBoRtx0s0qD55LRlw==",
      "dependencies": {
        "immer": "^9.0.14"
      }
    },
    "node_modules/@types/prop-types": {
      "version": "15.7.5",
      "resolved": "https://registry.npmjs.org/@types/prop-types/-/prop-types-15.7.5.tgz",
      "integrity": "sha512-JCB8C6SnDoQf0cNycqd/35A7MjcnK+ZTqE7judS6o7utxUCg6imJg3QK2qzHKszlTjcj2cn+NwMB2i96ubpj7w==",
      "dev": true
    },
    "node_modules/@types/react": {
      "version": "18.0.0",
      "resolved": "https://registry.npmjs.org/@types/react/-/react-18.0.0.tgz",
      "integrity": "sha512-7+K7zEQYu7NzOwQGLR91KwWXXDzmTFODRVizJyIALf6RfLv2GDpqpknX64pvRVILXCpXi7O/pua8NGk44dLvJw==",
      "dev": true,
      "dependencies": {
        "@types/prop-types": "*",
        "@types/scheduler": "*",
        "csstype": "^3.0.2"
      }
    },
    "node_modules/@types/scheduler": {
      "version": "0.16.2",
      "resolved": "https://registry.npmjs.org/@types/scheduler/-/scheduler-0.16.2.tgz",
      "integrity": "sha512-hppQEBDmlwhFAXKJX2KnWLYu5yMfi91yazPb2l+lbJiwW+wdo1gNeRA+3RgNSO39WYX2euey41KEwnqesU2Jew==",
      "dev": true
    },
    "node_modules/csstype": {
      "version": "3.0.11",
      "resolved": "https://registry.npmjs.org/csstype/-/csstype-3.0.11.tgz",
      "integrity": "sha512-sa6P2wJ+CAbgyy4KFssIb/JNMLxFvKF1pCYCSXS8ZMuqZnMsrxqI2E5sPyoTpxoPU/gVZMzr2zjOfg8GIZOMsw==",
      "dev": true
    },
    "node_modules/fp-ts": {
      "version": "2.11.8",
      "resolved": "https://registry.npmjs.org/fp-ts/-/fp-ts-2.11.8.tgz",
      "integrity": "sha512-WQT6rP6Jt3TxMdQB3IKzvfZKLuldumntgumLhIUhvPrukTHdWNI4JgEHY04Bd0LIOR9IQRpB+7RuxgUU0Vhmcg=="
    },
    "node_modules/immer": {
      "version": "9.0.14",
      "resolved": "https://registry.npmjs.org/immer/-/immer-9.0.14.tgz",
      "integrity": "sha512-ubBeqQutOSLIFCUBN03jGeOS6a3DoYlSYwYJTa+gSKEZKU5redJIqkIdZ3JVv/4RZpfcXdAWH5zCNLWPRv2WDw==",
      "funding": {
        "type": "opencollective",
        "url": "https://opencollective.com/immer"
      }
    },
    "node_modules/io-ts": {
      "version": "2.2.16",
      "resolved": "https://registry.npmjs.org/io-ts/-/io-ts-2.2.16.tgz",
      "integrity": "sha512-y5TTSa6VP6le0hhmIyN0dqEXkrZeJLeC5KApJq6VLci3UEKF80lZ+KuoUs02RhBxNWlrqSNxzfI7otLX1Euv8Q==",
      "peerDependencies": {
        "fp-ts": "^2.5.0"
      }
    },
    "node_modules/js-tokens": {
      "version": "4.0.0",
      "resolved": "https://registry.npmjs.org/js-tokens/-/js-tokens-4.0.0.tgz",
      "integrity": "sha512-RdJUflcE3cUzKiMqQgsCu06FPu9UdIJO0beYbPhHN4k6apgJtifcoCtT9bcxOpYBtpD2kCM6Sbzg4CausW/PKQ=="
    },
    "node_modules/jwt-decode": {
      "version": "3.1.2",
      "resolved": "https://registry.npmjs.org/jwt-decode/-/jwt-decode-3.1.2.tgz",
      "integrity": "sha512-UfpWE/VZn0iP50d8cz9NrZLM9lSWhcJ+0Gt/nm4by88UL+J1SiKN8/5dkjMmbEzwL2CAe+67GsegCbIKtbp75A=="
    },
    "node_modules/localstorage-var": {
      "version": "2.0.0",
      "resolved": "https://registry.npmjs.org/localstorage-var/-/localstorage-var-2.0.0.tgz",
      "integrity": "sha512-ERdxGedXABXn4GdLDY1963ObWnYZc/izp+EVYe8uU6D5NIT6Ue1WNWicXA4wE+kUa7zZNJE8wx1c95XGPK8vww==",
      "dependencies": {
        "@lbfalvy/mini-events": "^3.0.0"
      }
    },
    "node_modules/loose-envify": {
      "version": "1.4.0",
      "resolved": "https://registry.npmjs.org/loose-envify/-/loose-envify-1.4.0.tgz",
      "integrity": "sha512-lyuxPGr/Wfhrlem2CL/UcnUc1zcqKAImBDzukY7Y5F/yQiNdko6+fRLevlw1HgMySw7f611UIY408EtxRSoK3Q==",
      "dependencies": {
        "js-tokens": "^3.0.0 || ^4.0.0"
      },
      "bin": {
        "loose-envify": "cli.js"
      }
    },
    "node_modules/mockable-timer": {
      "version": "1.0.2",
      "resolved": "https://registry.npmjs.org/mockable-timer/-/mockable-timer-1.0.2.tgz",
      "integrity": "sha512-aCYrd0s09ddp1nsv7pxmAXVV2bWvln84HHJvPppxzFAFBoWwg0hpPmgxzVq3rMsYaWF3Yn+pjGxc7g9keetH6A=="
    },
    "node_modules/noty": {
      "version": "3.2.0-beta-deprecated",
      "resolved": "https://registry.npmjs.org/noty/-/noty-3.2.0-beta-deprecated.tgz",
      "integrity": "sha512-ntRbHuQ9SnnnVFZm/oq5L1DBCaHQUvsU24AwZH3PGjAWx2YqR/IhOadMk11vmJovYiQo00oqTj6Hp+D6PGtmLA==",
      "deprecated": "no longer supported"
    },
    "node_modules/react": {
      "version": "18.0.0",
      "resolved": "https://registry.npmjs.org/react/-/react-18.0.0.tgz",
      "integrity": "sha512-x+VL6wbT4JRVPm7EGxXhZ8w8LTROaxPXOqhlGyVSrv0sB1jkyFGgXxJ8LVoPRLvPR6/CIZGFmfzqUa2NYeMr2A==",
      "dependencies": {
        "loose-envify": "^1.1.0"
      },
      "engines": {
        "node": ">=0.10.0"
      }
    },
    "node_modules/simple-rtr": {
      "version": "2.0.1",
      "resolved": "https://registry.npmjs.org/simple-rtr/-/simple-rtr-2.0.1.tgz",
      "integrity": "sha512-bpdF7OcQ1lLjl9MC/TKoYswWwi4yWKQWvBYaIVKg6BJsuh4l5oogiGZrIwTTZj+jx2vaxmJ77jURtZEv9fi4YQ==",
      "dependencies": {
        "@lbfalvy/mini-events": "^3.2.1",
        "jwt-decode": "^3.1.2"
      },
      "peerDependencies": {
        "localstorage-var": "^1.0.0",
        "mockable-timer": "^1.0.1"
      }
    }
  },
  "dependencies": {
    "@lbfalvy/mini-events": {
      "version": "3.3.3",
      "resolved": "https://registry.npmjs.org/@lbfalvy/mini-events/-/mini-events-3.3.3.tgz",
      "integrity": "sha512-Dd2rgJOJKUQYbO6gGpFmvTJ79atSMqARlJCf+bdpVBqoNz4GWq8NYaZRbXPTQN271C6i5rBoRtx0s0qD55LRlw==",
      "requires": {
        "immer": "^9.0.14"
      }
    },
    "@types/prop-types": {
      "version": "15.7.5",
      "resolved": "https://registry.npmjs.org/@types/prop-types/-/prop-types-15.7.5.tgz",
      "integrity": "sha512-JCB8C6SnDoQf0cNycqd/35A7MjcnK+ZTqE7judS6o7utxUCg6imJg3QK2qzHKszlTjcj2cn+NwMB2i96ubpj7w==",
      "dev": true
    },
    "@types/react": {
      "version": "18.0.0",
      "resolved": "https://registry.npmjs.org/@types/react/-/react-18.0.0.tgz",
      "integrity": "sha512-7+K7zEQYu7NzOwQGLR91KwWXXDzmTFODRVizJyIALf6RfLv2GDpqpknX64pvRVILXCpXi7O/pua8NGk44dLvJw==",
      "dev": true,
      "requires": {
        "@types/prop-types": "*",
        "@types/scheduler": "*",
        "csstype": "^3.0.2"
      }
    },
    "@types/scheduler": {
      "version": "0.16.2",
      "resolved": "https://registry.npmjs.org/@types/scheduler/-/scheduler-0.16.2.tgz",
      "integrity": "sha512-hppQEBDmlwhFAXKJX2KnWLYu5yMfi91yazPb2l+lbJiwW+wdo1gNeRA+3RgNSO39WYX2euey41KEwnqesU2Jew==",
      "dev": true
    },
    "csstype": {
      "version": "3.0.11",
      "resolved": "https://registry.npmjs.org/csstype/-/csstype-3.0.11.tgz",
      "integrity": "sha512-sa6P2wJ+CAbgyy4KFssIb/JNMLxFvKF1pCYCSXS8ZMuqZnMsrxqI2E5sPyoTpxoPU/gVZMzr2zjOfg8GIZOMsw==",
      "dev": true
    },
    "fp-ts": {
      "version": "2.11.8",
      "resolved": "https://registry.npmjs.org/fp-ts/-/fp-ts-2.11.8.tgz",
      "integrity": "sha512-WQT6rP6Jt3TxMdQB3IKzvfZKLuldumntgumLhIUhvPrukTHdWNI4JgEHY04Bd0LIOR9IQRpB+7RuxgUU0Vhmcg=="
    },
    "immer": {
      "version": "9.0.14",
      "resolved": "https://registry.npmjs.org/immer/-/immer-9.0.14.tgz",
      "integrity": "sha512-ubBeqQutOSLIFCUBN03jGeOS6a3DoYlSYwYJTa+gSKEZKU5redJIqkIdZ3JVv/4RZpfcXdAWH5zCNLWPRv2WDw=="
    },
    "io-ts": {
      "version": "2.2.16",
      "resolved": "https://registry.npmjs.org/io-ts/-/io-ts-2.2.16.tgz",
      "integrity": "sha512-y5TTSa6VP6le0hhmIyN0dqEXkrZeJLeC5KApJq6VLci3UEKF80lZ+KuoUs02RhBxNWlrqSNxzfI7otLX1Euv8Q==",
      "requires": {}
    },
    "js-tokens": {
      "version": "4.0.0",
      "resolved": "https://registry.npmjs.org/js-tokens/-/js-tokens-4.0.0.tgz",
      "integrity": "sha512-RdJUflcE3cUzKiMqQgsCu06FPu9UdIJO0beYbPhHN4k6apgJtifcoCtT9bcxOpYBtpD2kCM6Sbzg4CausW/PKQ=="
    },
    "jwt-decode": {
      "version": "3.1.2",
      "resolved": "https://registry.npmjs.org/jwt-decode/-/jwt-decode-3.1.2.tgz",
      "integrity": "sha512-UfpWE/VZn0iP50d8cz9NrZLM9lSWhcJ+0Gt/nm4by88UL+J1SiKN8/5dkjMmbEzwL2CAe+67GsegCbIKtbp75A=="
    },
    "localstorage-var": {
      "version": "2.0.0",
      "resolved": "https://registry.npmjs.org/localstorage-var/-/localstorage-var-2.0.0.tgz",
      "integrity": "sha512-ERdxGedXABXn4GdLDY1963ObWnYZc/izp+EVYe8uU6D5NIT6Ue1WNWicXA4wE+kUa7zZNJE8wx1c95XGPK8vww==",
      "requires": {
        "@lbfalvy/mini-events": "^3.0.0"
      }
    },
    "loose-envify": {
      "version": "1.4.0",
      "resolved": "https://registry.npmjs.org/loose-envify/-/loose-envify-1.4.0.tgz",
      "integrity": "sha512-lyuxPGr/Wfhrlem2CL/UcnUc1zcqKAImBDzukY7Y5F/yQiNdko6+fRLevlw1HgMySw7f611UIY408EtxRSoK3Q==",
      "requires": {
        "js-tokens": "^3.0.0 || ^4.0.0"
      }
    },
    "mockable-timer": {
      "version": "1.0.2",
      "resolved": "https://registry.npmjs.org/mockable-timer/-/mockable-timer-1.0.2.tgz",
      "integrity": "sha512-aCYrd0s09ddp1nsv7pxmAXVV2bWvln84HHJvPppxzFAFBoWwg0hpPmgxzVq3rMsYaWF3Yn+pjGxc7g9keetH6A=="
    },
    "noty": {
      "version": "3.2.0-beta-deprecated",
      "resolved": "https://registry.npmjs.org/noty/-/noty-3.2.0-beta-deprecated.tgz",
      "integrity": "sha512-ntRbHuQ9SnnnVFZm/oq5L1DBCaHQUvsU24AwZH3PGjAWx2YqR/IhOadMk11vmJovYiQo00oqTj6Hp+D6PGtmLA=="
    },
    "react": {
      "version": "18.0.0",
      "resolved": "https://registry.npmjs.org/react/-/react-18.0.0.tgz",
      "integrity": "sha512-x+VL6wbT4JRVPm7EGxXhZ8w8LTROaxPXOqhlGyVSrv0sB1jkyFGgXxJ8LVoPRLvPR6/CIZGFmfzqUa2NYeMr2A==",
      "requires": {
        "loose-envify": "^1.1.0"
      }
    },
    "simple-rtr": {
      "version": "2.0.1",
      "resolved": "https://registry.npmjs.org/simple-rtr/-/simple-rtr-2.0.1.tgz",
      "integrity": "sha512-bpdF7OcQ1lLjl9MC/TKoYswWwi4yWKQWvBYaIVKg6BJsuh4l5oogiGZrIwTTZj+jx2vaxmJ77jURtZEv9fi4YQ==",
      "requires": {
        "@lbfalvy/mini-events": "^3.2.1",
        "jwt-decode": "^3.1.2"
      }
    }
  }
}
